
Microsoft Visual Studio Solution File, Format Version 12.00
# Visual Studio 15
VisualStudioVersion = 15.0.28010.2050
MinimumVisualStudioVersion = 10.0.40219.1
Project("{FAE04EC0-301F-11D3-BF4B-00C04F79EFBC}") = "Trend", "Trend\Trend.csproj", "{D09CD50E-A0C2-4EB4-A4F2-38E330D773EE}"
EndProject
Project("{FAE04EC0-301F-11D3-BF4B-00C04F79EFBC}") = "Trend.UnitTests", "Trend.UnitTests\Trend.UnitTests.csproj", "{FCA28D3A-BB3B-4AB3-A50B-410C6C9C0FD3}"
EndProject
Global
	GlobalSection(SolutionConfigurationPlatforms) = preSolution
		Debug|Any CPU = Debug|Any CPU
		Release|Any CPU = Release|Any CPU
	EndGlobalSection
	GlobalSection(ProjectConfigurationPlatforms) = postSolution
		{D09CD50E-A0C2-4EB4-A4F2-38E330D773EE}.Debug|Any CPU.ActiveCfg = Debug|Any CPU
		{D09CD50E-A0C2-4EB4-A4F2-38E330D773EE}.Debug|Any CPU.Build.0 = Debug|Any CPU
		{D09CD50E-A0C2-4EB4-A4F2-38E330D773EE}.Release|Any CPU.ActiveCfg = Release|Any CPU
		{D09CD50E-A0C2-4EB4-A4F2-38E330D773EE}.Release|Any CPU.Build.0 = Release|Any CPU
		{FCA28D3A-BB3B-4AB3-A50B-410C6C9C0FD3}.Debug|Any CPU.ActiveCfg = Debug|Any CPU
		{FCA28D3A-BB3B-4AB3-A50B-410C6C9C0FD3}.Debug|Any CPU.Build.0 = Debug|Any CPU
		{FCA28D3A-BB3B-4AB3-A50B-410C6C9C0FD3}.Release|Any CPU.ActiveCfg = Release|Any CPU
		{FCA28D3A-BB3B-4AB3-A50B-410C6C9C0FD3}.Release|Any CPU.Build.0 = Release|Any CPU
	EndGlobalSection
	GlobalSection(SolutionProperties) = preSolution
		HideSolutionNode = FALSE
	EndGlobalSection
	GlobalSection(ExtensibilityGlobals) = postSolution
		SolutionGuid = {04D6516A-A5EE-447D-A8E0-F8086D0EC815}
	EndGlobalSection
EndGlobal
